
Microsoft Visual Studio Solution File, Format Version 12.00
# Visual Studio 2012
Project("{FAE04EC0-301F-11D3-BF4B-00C04F79EFBC}") = "GameCraft", "GameCraft\GameCraft.csproj", "{180C6AD8-38B1-435B-BA36-2A223250BD76}"
EndProject
Project("{FAE04EC0-301F-11D3-BF4B-00C04F79EFBC}") = "GameCraftTests", "GameCraftTests\GameCraftTests.csproj", "{3FC81EA5-722B-4687-AC75-2248FA167EE2}"
EndProject
Global
	GlobalSection(SolutionConfigurationPlatforms) = preSolution
		Debug|x86 = Debug|x86
		Release|x86 = Release|x86
	EndGlobalSection
	GlobalSection(ProjectConfigurationPlatforms) = postSolution
		{180C6AD8-38B1-435B-BA36-2A223250BD76}.Debug|x86.ActiveCfg = Debug|x86
		{180C6AD8-38B1-435B-BA36-2A223250BD76}.Debug|x86.Build.0 = Debug|x86
		{180C6AD8-38B1-435B-BA36-2A223250BD76}.Release|x86.ActiveCfg = Release|x86
		{180C6AD8-38B1-435B-BA36-2A223250BD76}.Release|x86.Build.0 = Release|x86
		{3FC81EA5-722B-4687-AC75-2248FA167EE2}.Debug|x86.ActiveCfg = Debug|Any CPU
		{3FC81EA5-722B-4687-AC75-2248FA167EE2}.Debug|x86.Build.0 = Debug|Any CPU
		{3FC81EA5-722B-4687-AC75-2248FA167EE2}.Release|x86.ActiveCfg = Release|Any CPU
		{3FC81EA5-722B-4687-AC75-2248FA167EE2}.Release|x86.Build.0 = Release|Any CPU
	EndGlobalSection
EndGlobal
